{
  "version": 4,
  "terraform_version": "1.2.7",
  "serial": 6,
  "lineage": "14f39dd5-d53f-d107-2a60-e71cfeeecc87",
  "outputs": {},
  "resources": [
    {
      "mode": "managed",
      "type": "aws_internet_gateway",
      "name": "gw",
      "provider": "provider[\"registry.terraform.io/hashicorp/aws\"]",
      "instances": [
        {
          "schema_version": 0,
          "attributes": {
            "arn": "arn:aws:ec2:us-west-1:986785391377:internet-gateway/igw-0fdae2c2d3148cd24",
            "id": "igw-0fdae2c2d3148cd24",
            "owner_id": "986785391377",
            "tags": {
              "Name": "gateway"
            },
            "tags_all": {
              "Name": "gateway"
            },
            "timeouts": null,
            "vpc_id": "vpc-034901c631ea3a64c"
          },
          "sensitive_attributes": [],
          "private": "eyJlMmJmYjczMC1lY2FhLTExZTYtOGY4OC0zNDM2M2JjN2M0YzAiOnsiY3JlYXRlIjoxMjAwMDAwMDAwMDAwLCJkZWxldGUiOjEyMDAwMDAwMDAwMDAsInVwZGF0ZSI6MTIwMDAwMDAwMDAwMH19",
          "dependencies": [
            "aws_vpc.EviatarDuany-dev-vpc"
          ]
        }
      ]
    },
    {
      "mode": "managed",
      "type": "aws_network_interface",
      "name": "net-card",
      "provider": "provider[\"registry.terraform.io/hashicorp/aws\"]",
      "instances": [
        {
          "schema_version": 0,
          "attributes": {
            "arn": "arn:aws:ec2:us-west-1:986785391377:network-interface/eni-0656124f48eff81cf",
            "attachment": [],
            "description": "",
            "id": "eni-0656124f48eff81cf",
            "interface_type": "interface",
            "ipv4_prefix_count": 0,
            "ipv4_prefixes": [],
            "ipv6_address_count": 0,
            "ipv6_address_list": [],
            "ipv6_address_list_enabled": false,
            "ipv6_addresses": [],
            "ipv6_prefix_count": 0,
            "ipv6_prefixes": [],
            "mac_address": "02:1d:8a:3b:4b:81",
            "outpost_arn": "",
            "owner_id": "986785391377",
            "private_dns_name": "",
            "private_ip": "192.168.1.10",
            "private_ip_list": [
              "192.168.1.10"
            ],
            "private_ip_list_enabled": false,
            "private_ips": [
              "192.168.1.10"
            ],
            "private_ips_count": 0,
            "security_groups": [
              "sg-0050999843bddcd61"
            ],
            "source_dest_check": true,
            "subnet_id": "subnet-0fa67919ada660b1d",
            "tags": {
              "Name": "net-card"
            },
            "tags_all": {
              "Name": "net-card"
            }
          },
          "sensitive_attributes": [],
          "private": "bnVsbA==",
          "dependencies": [
            "aws_subnet.EviatarDuany-k8s-subnet",
            "aws_vpc.EviatarDuany-dev-vpc"
          ]
        }
      ]
    },
    {
      "mode": "managed",
      "type": "aws_subnet",
      "name": "EviatarDuany-k8s-subnet",
      "provider": "provider[\"registry.terraform.io/hashicorp/aws\"]",
      "instances": [
        {
          "schema_version": 1,
          "attributes": {
            "arn": "arn:aws:ec2:us-west-1:986785391377:subnet/subnet-0fa67919ada660b1d",
            "assign_ipv6_address_on_creation": false,
            "availability_zone": "us-west-1b",
            "availability_zone_id": "usw1-az1",
            "cidr_block": "192.168.1.0/27",
            "customer_owned_ipv4_pool": "",
            "enable_dns64": false,
            "enable_resource_name_dns_a_record_on_launch": false,
            "enable_resource_name_dns_aaaa_record_on_launch": false,
            "id": "subnet-0fa67919ada660b1d",
            "ipv6_cidr_block": "",
            "ipv6_cidr_block_association_id": "",
            "ipv6_native": false,
            "map_customer_owned_ip_on_launch": false,
            "map_public_ip_on_launch": false,
            "outpost_arn": "",
            "owner_id": "986785391377",
            "private_dns_hostname_type_on_launch": "ip-name",
            "tags": {
              "Name": "EviatarDuany-k8s-subnet"
            },
            "tags_all": {
              "Name": "EviatarDuany-k8s-subnet"
            },
            "timeouts": null,
            "vpc_id": "vpc-034901c631ea3a64c"
          },
          "sensitive_attributes": [],
          "private": "eyJlMmJmYjczMC1lY2FhLTExZTYtOGY4OC0zNDM2M2JjN2M0YzAiOnsiY3JlYXRlIjo2MDAwMDAwMDAwMDAsImRlbGV0ZSI6MTIwMDAwMDAwMDAwMH0sInNjaGVtYV92ZXJzaW9uIjoiMSJ9",
          "dependencies": [
            "aws_vpc.EviatarDuany-dev-vpc"
          ]
        }
      ]
    },
    {
      "mode": "managed",
      "type": "aws_vpc",
      "name": "EviatarDuany-dev-vpc",
      "provider": "provider[\"registry.terraform.io/hashicorp/aws\"]",
      "instances": [
        {
          "schema_version": 1,
          "attributes": {
            "arn": "arn:aws:ec2:us-west-1:986785391377:vpc/vpc-034901c631ea3a64c",
            "assign_generated_ipv6_cidr_block": false,
            "cidr_block": "192.168.1.0/27",
            "default_network_acl_id": "acl-085e975a8f0dfd5dd",
            "default_route_table_id": "rtb-0355e2635f4aa4d0d",
            "default_security_group_id": "sg-0050999843bddcd61",
            "dhcp_options_id": "dopt-04046819bf86ef703",
            "enable_classiclink": false,
            "enable_classiclink_dns_support": false,
            "enable_dns_hostnames": false,
            "enable_dns_support": true,
            "enable_network_address_usage_metrics": false,
            "id": "vpc-034901c631ea3a64c",
            "instance_tenancy": "default",
            "ipv4_ipam_pool_id": null,
            "ipv4_netmask_length": null,
            "ipv6_association_id": "",
            "ipv6_cidr_block": "",
            "ipv6_cidr_block_network_border_group": "",
            "ipv6_ipam_pool_id": "",
            "ipv6_netmask_length": 0,
            "main_route_table_id": "rtb-0355e2635f4aa4d0d",
            "owner_id": "986785391377",
            "tags": {
              "Name": "EviatarDuany-dev-vpc"
            },
            "tags_all": {
              "Name": "EviatarDuany-dev-vpc"
            }
          },
          "sensitive_attributes": [],
          "private": "eyJzY2hlbWFfdmVyc2lvbiI6IjEifQ=="
        }
      ]
    }
  ]
}
